
Microsoft Visual Studio Solution File, Format Version 12.00
# Visual Studio Version 17
VisualStudioVersion = 17.7.34031.279
MinimumVisualStudioVersion = 10.0.40219.1
Project("{FAE04EC0-301F-11D3-BF4B-00C04F79EFBC}") = "Phase1Section4.21 bubblesort", "Phase1Section4.21 bubblesort\Phase1Section4.21 bubblesort.csproj", "{5CD9A8FF-FBA1-4A36-A1CA-302E5ED9CB8E}"
EndProject
Global
	GlobalSection(SolutionConfigurationPlatforms) = preSolution
		Debug|Any CPU = Debug|Any CPU
		Release|Any CPU = Release|Any CPU
	EndGlobalSection
	GlobalSection(ProjectConfigurationPlatforms) = postSolution
		{5CD9A8FF-FBA1-4A36-A1CA-302E5ED9CB8E}.Debug|Any CPU.ActiveCfg = Debug|Any CPU
		{5CD9A8FF-FBA1-4A36-A1CA-302E5ED9CB8E}.Debug|Any CPU.Build.0 = Debug|Any CPU
		{5CD9A8FF-FBA1-4A36-A1CA-302E5ED9CB8E}.Release|Any CPU.ActiveCfg = Release|Any CPU
		{5CD9A8FF-FBA1-4A36-A1CA-302E5ED9CB8E}.Release|Any CPU.Build.0 = Release|Any CPU
	EndGlobalSection
	GlobalSection(SolutionProperties) = preSolution
		HideSolutionNode = FALSE
	EndGlobalSection
	GlobalSection(ExtensibilityGlobals) = postSolution
		SolutionGuid = {BA0ADDF2-5EDF-4EB6-9234-1E1945B3E649}
	EndGlobalSection
EndGlobal
